github.com/Digman/csvreader v0.0.0-20211122051833-bb50fb9d7c3c h1:T4fkaH9lQ34rT9lLCiiDzvTAITKPJReucoM6bywGPz4=
github.com/Digman/csvreader v0.0.0-20211122051833-bb50fb9d7c3c/go.mod h1:FADIcepLwbzDwcZ2Qzuaa6fCM6vcsRxeDvKqMrkczJ8=
github.com/Digman/csvreader v0.0.0-20211122054741-0630485610a1 h1:mWByvf3nyeFNr1/zZXDDvWi8AhLrWqLg1Jyjx45tWeM=
github.com/Digman/csvreader v0.0.0-20211122054741-0630485610a1/go.mod h1:FADIcepLwbzDwcZ2Qzuaa6fCM6vcsRxeDvKqMrkczJ8=
